
Microsoft Visual Studio Solution File, Format Version 12.00
# Visual Studio Version 16
VisualStudioVersion = 16.0.31729.503
MinimumVisualStudioVersion = 10.0.40219.1
Project("{FAE04EC0-301F-11D3-BF4B-00C04F79EFBC}") = "MVC_practice", "MVC_practice\MVC_practice.csproj", "{2A4D32E1-ED70-4A72-8CC6-56665AB0ED4A}"
EndProject
Global
	GlobalSection(SolutionConfigurationPlatforms) = preSolution
		Debug|Any CPU = Debug|Any CPU
		Release|Any CPU = Release|Any CPU
	EndGlobalSection
	GlobalSection(ProjectConfigurationPlatforms) = postSolution
		{2A4D32E1-ED70-4A72-8CC6-56665AB0ED4A}.Debug|Any CPU.ActiveCfg = Debug|Any CPU
		{2A4D32E1-ED70-4A72-8CC6-56665AB0ED4A}.Debug|Any CPU.Build.0 = Debug|Any CPU
		{2A4D32E1-ED70-4A72-8CC6-56665AB0ED4A}.Release|Any CPU.ActiveCfg = Release|Any CPU
		{2A4D32E1-ED70-4A72-8CC6-56665AB0ED4A}.Release|Any CPU.Build.0 = Release|Any CPU
	EndGlobalSection
	GlobalSection(SolutionProperties) = preSolution
		HideSolutionNode = FALSE
	EndGlobalSection
	GlobalSection(ExtensibilityGlobals) = postSolution
		SolutionGuid = {D5C1DA64-E4FC-449D-B015-BF5BE3B6F5D9}
	EndGlobalSection
EndGlobal
